
Microsoft Visual Studio Solution File, Format Version 11.00
# Visual Basic Express 2010
Project("{F184B08F-C81C-45F6-A57F-5ABD9991F28F}") = "WrapperPolyBoolean", "WrapperPolyBoolean.vbproj", "{505857A8-0E24-46A9-BA5B-FBFCBC83F0F4}"
EndProject
Global
	GlobalSection(SolutionConfigurationPlatforms) = preSolution
		Debug|Any CPU = Debug|Any CPU
		Release|Any CPU = Release|Any CPU
	EndGlobalSection
	GlobalSection(ProjectConfigurationPlatforms) = postSolution
		{505857A8-0E24-46A9-BA5B-FBFCBC83F0F4}.Debug|Any CPU.ActiveCfg = Debug|Any CPU
		{505857A8-0E24-46A9-BA5B-FBFCBC83F0F4}.Debug|Any CPU.Build.0 = Debug|Any CPU
		{505857A8-0E24-46A9-BA5B-FBFCBC83F0F4}.Release|Any CPU.ActiveCfg = Release|Any CPU
		{505857A8-0E24-46A9-BA5B-FBFCBC83F0F4}.Release|Any CPU.Build.0 = Release|Any CPU
	EndGlobalSection
	GlobalSection(SolutionProperties) = preSolution
		HideSolutionNode = FALSE
	EndGlobalSection
EndGlobal
