
Microsoft Visual Studio Solution File, Format Version 11.00
# Visual Basic Express 2010
Project("{F184B08F-C81C-45F6-A57F-5ABD9991F28F}") = "PclWTestCommon", "PclWTestCommon.vbproj", "{4ED3AEA2-23F6-41B0-9C51-45E38C803C1C}"
EndProject
Global
	GlobalSection(SolutionConfigurationPlatforms) = preSolution
		Debug|Any CPU = Debug|Any CPU
		Release|Any CPU = Release|Any CPU
	EndGlobalSection
	GlobalSection(ProjectConfigurationPlatforms) = postSolution
		{4ED3AEA2-23F6-41B0-9C51-45E38C803C1C}.Debug|Any CPU.ActiveCfg = Debug|Any CPU
		{4ED3AEA2-23F6-41B0-9C51-45E38C803C1C}.Debug|Any CPU.Build.0 = Debug|Any CPU
		{4ED3AEA2-23F6-41B0-9C51-45E38C803C1C}.Release|Any CPU.ActiveCfg = Release|Any CPU
		{4ED3AEA2-23F6-41B0-9C51-45E38C803C1C}.Release|Any CPU.Build.0 = Release|Any CPU
	EndGlobalSection
	GlobalSection(SolutionProperties) = preSolution
		HideSolutionNode = FALSE
	EndGlobalSection
EndGlobal
